// !$*UTF8*$!
{
	archiveVersion = 1;
	classes = {
	};
	objectVersion = 60;
	objects = {

/* Begin PBXBuildFile section */
		C801D2962B7A474B003F9845 /* WeatherAPI in Frameworks */ = {isa = PBXBuildFile; productRef = C801D2952B7A474B003F9845 /* WeatherAPI */; };
		C801D29C2B7A4BE8003F9845 /* WeatherAPI in Frameworks */ = {isa = PBXBuildFile; productRef = C801D29B2B7A4BE8003F9845 /* WeatherAPI */; };
		C80CCCB52B77898F00CB7C58 /* WeatherConsumerAppApp.swift in Sources */ = {isa = PBXBuildFile; fileRef = C80CCCB42B77898F00CB7C58 /* WeatherConsumerAppApp.swift */; };
		C80CCCB72B77898F00CB7C58 /* ContentView.swift in Sources */ = {isa = PBXBuildFile; fileRef = C80CCCB62B77898F00CB7C58 /* ContentView.swift */; };
		C80CCCB92B77899100CB7C58 /* Assets.xcassets in Resources */ = {isa = PBXBuildFile; fileRef = C80CCCB82B77899100CB7C58 /* Assets.xcassets */; };
		C80CCCBC2B77899100CB7C58 /* Preview Assets.xcassets in Resources */ = {isa = PBXBuildFile; fileRef = C80CCCBB2B77899100CB7C58 /* Preview Assets.xcassets */; };
		C80CCCC62B77899100CB7C58 /* WeatherConsumerAppTests.swift in Sources */ = {isa = PBXBuildFile; fileRef = C80CCCC52B77899100CB7C58 /* WeatherConsumerAppTests.swift */; };
		C80CCCD02B77899100CB7C58 /* WeatherConsumerAppUITests.swift in Sources */ = {isa = PBXBuildFile; fileRef = C80CCCCF2B77899100CB7C58 /* WeatherConsumerAppUITests.swift */; };
		C80CCCD22B77899100CB7C58 /* WeatherConsumerAppUITestsLaunchTests.swift in Sources */ = {isa = PBXBuildFile; fileRef = C80CCCD12B77899100CB7C58 /* WeatherConsumerAppUITestsLaunchTests.swift */; };
		C80CCCE02B7789DC00CB7C58 /* WeatherAPI in Frameworks */ = {isa = PBXBuildFile; productRef = C80CCCDF2B7789DC00CB7C58 /* WeatherAPI */; };
/* End PBXBuildFile section */

/* Begin PBXContainerItemProxy section */
		C80CCCC22B77899100CB7C58 /* PBXContainerItemProxy */ = {
			isa = PBXContainerItemProxy;
			containerPortal = C80CCCA92B77898F00CB7C58 /* Project object */;
			proxyType = 1;
			remoteGlobalIDString = C80CCCB02B77898F00CB7C58;
			remoteInfo = WeatherConsumerApp;
		};
		C80CCCCC2B77899100CB7C58 /* PBXContainerItemProxy */ = {
			isa = PBXContainerItemProxy;
			containerPortal = C80CCCA92B77898F00CB7C58 /* Project object */;
			proxyType = 1;
			remoteGlobalIDString = C80CCCB02B77898F00CB7C58;
			remoteInfo = WeatherConsumerApp;
		};
/* End PBXContainerItemProxy section */

/* Begin PBXFileReference section */
		C80CCCB12B77898F00CB7C58 /* WeatherConsumerApp.app */ = {isa = PBXFileReference; explicitFileType = wrapper.application; includeInIndex = 0; path = WeatherConsumerApp.app; sourceTree = BUILT_PRODUCTS_DIR; };
		C80CCCB42B77898F00CB7C58 /* WeatherConsumerAppApp.swift */ = {isa = PBXFileReference; lastKnownFileType = sourcecode.swift; path = WeatherConsumerAppApp.swift; sourceTree = "<group>"; };
		C80CCCB62B77898F00CB7C58 /* ContentView.swift */ = {isa = PBXFileReference; lastKnownFileType = sourcecode.swift; path = ContentView.swift; sourceTree = "<group>"; };
		C80CCCB82B77899100CB7C58 /* Assets.xcassets */ = {isa = PBXFileReference; lastKnownFileType = folder.assetcatalog; path = Assets.xcassets; sourceTree = "<group>"; };
		C80CCCBB2B77899100CB7C58 /* Preview Assets.xcassets */ = {isa = PBXFileReference; lastKnownFileType = folder.assetcatalog; path = "Preview Assets.xcassets"; sourceTree = "<group>"; };
		C80CCCC12B77899100CB7C58 /* WeatherConsumerAppTests.xctest */ = {isa = PBXFileReference; explicitFileType = wrapper.cfbundle; includeInIndex = 0; path = WeatherConsumerAppTests.xctest; sourceTree = BUILT_PRODUCTS_DIR; };
		C80CCCC52B77899100CB7C58 /* WeatherConsumerAppTests.swift */ = {isa = PBXFileReference; lastKnownFileType = sourcecode.swift; path = WeatherConsumerAppTests.swift; sourceTree = "<group>"; };
		C80CCCCB2B77899100CB7C58 /* WeatherConsumerAppUITests.xctest */ = {isa = PBXFileReference; explicitFileType = wrapper.cfbundle; includeInIndex = 0; path = WeatherConsumerAppUITests.xctest; sourceTree = BUILT_PRODUCTS_DIR; };
		C80CCCCF2B77899100CB7C58 /* WeatherConsumerAppUITests.swift */ = {isa = PBXFileReference; lastKnownFileType = sourcecode.swift; path = WeatherConsumerAppUITests.swift; sourceTree = "<group>"; };
		C80CCCD12B77899100CB7C58 /* WeatherConsumerAppUITestsLaunchTests.swift */ = {isa = PBXFileReference; lastKnownFileType = sourcecode.swift; path = WeatherConsumerAppUITestsLaunchTests.swift; sourceTree = "<group>"; };
/* End PBXFileReference section */

/* Begin PBXFrameworksBuildPhase section */
		C80CCCAE2B77898F00CB7C58 /* Frameworks */ = {
			isa = PBXFrameworksBuildPhase;
			buildActionMask = 2147483647;
			files = (
				C801D2962B7A474B003F9845 /* WeatherAPI in Frameworks */,
				C801D29C2B7A4BE8003F9845 /* WeatherAPI in Frameworks */,
				C80CCCE02B7789DC00CB7C58 /* WeatherAPI in Frameworks */,
			);
			runOnlyForDeploymentPostprocessing = 0;
		};
		C80CCCBE2B77899100CB7C58 /* Frameworks */ = {
			isa = PBXFrameworksBuildPhase;
			buildActionMask = 2147483647;
			files = (
			);
			runOnlyForDeploymentPostprocessing = 0;
		};
		C80CCCC82B77899100CB7C58 /* Frameworks */ = {
			isa = PBXFrameworksBuildPhase;
			buildActionMask = 2147483647;
			files = (
			);
			runOnlyForDeploymentPostprocessing = 0;
		};
/* End PBXFrameworksBuildPhase section */

/* Begin PBXGroup section */
		C80CCCA82B77898F00CB7C58 = {
			isa = PBXGroup;
			children = (
				C80CCCB32B77898F00CB7C58 /* WeatherConsumerApp */,
				C80CCCC42B77899100CB7C58 /* WeatherConsumerAppTests */,
				C80CCCCE2B77899100CB7C58 /* WeatherConsumerAppUITests */,
				C80CCCB22B77898F00CB7C58 /* Products */,
			);
			sourceTree = "<group>";
		};
		C80CCCB22B77898F00CB7C58 /* Products */ = {
			isa = PBXGroup;
			children = (
				C80CCCB12B77898F00CB7C58 /* WeatherConsumerApp.app */,
				C80CCCC12B77899100CB7C58 /* WeatherConsumerAppTests.xctest */,
				C80CCCCB2B77899100CB7C58 /* WeatherConsumerAppUITests.xctest */,
			);
			name = Products;
			sourceTree = "<group>";
		};
		C80CCCB32B77898F00CB7C58 /* WeatherConsumerApp */ = {
			isa = PBXGroup;
			children = (
				C80CCCB42B77898F00CB7C58 /* WeatherConsumerAppApp.swift */,
				C80CCCB62B77898F00CB7C58 /* ContentView.swift */,
				C80CCCB82B77899100CB7C58 /* Assets.xcassets */,
				C80CCCBA2B77899100CB7C58 /* Preview Content */,
			);
			path = WeatherConsumerApp;
			sourceTree = "<group>";
		};
		C80CCCBA2B77899100CB7C58 /* Preview Content */ = {
			isa = PBXGroup;
			children = (
				C80CCCBB2B77899100CB7C58 /* Preview Assets.xcassets */,
			);
			path = "Preview Content";
			sourceTree = "<group>";
		};
		C80CCCC42B77899100CB7C58 /* WeatherConsumerAppTests */ = {
			isa = PBXGroup;
			children = (
				C80CCCC52B77899100CB7C58 /* WeatherConsumerAppTests.swift */,
			);
			path = WeatherConsumerAppTests;
			sourceTree = "<group>";
		};
		C80CCCCE2B77899100CB7C58 /* WeatherConsumerAppUITests */ = {
			isa = PBXGroup;
			children = (
				C80CCCCF2B77899100CB7C58 /* WeatherConsumerAppUITests.swift */,
				C80CCCD12B77899100CB7C58 /* WeatherConsumerAppUITestsLaunchTests.swift */,
			);
			path = WeatherConsumerAppUITests;
			sourceTree = "<group>";
		};
/* End PBXGroup section */

/* Begin PBXNativeTarget section */
		C80CCCB02B77898F00CB7C58 /* WeatherConsumerApp */ = {
			isa = PBXNativeTarget;
			buildConfigurationList = C80CCCD52B77899100CB7C58 /* Build configuration list for PBXNativeTarget "WeatherConsumerApp" */;
			buildPhases = (
				C80CCCAD2B77898F00CB7C58 /* Sources */,
				C80CCCAE2B77898F00CB7C58 /* Frameworks */,
				C80CCCAF2B77898F00CB7C58 /* Resources */,
			);
			buildRules = (
			);
			dependencies = (
			);
			name = WeatherConsumerApp;
			packageProductDependencies = (
				C80CCCDF2B7789DC00CB7C58 /* WeatherAPI */,
				C801D2952B7A474B003F9845 /* WeatherAPI */,
				C801D29B2B7A4BE8003F9845 /* WeatherAPI */,
			);
			productName = WeatherConsumerApp;
			productReference = C80CCCB12B77898F00CB7C58 /* WeatherConsumerApp.app */;
			productType = "com.apple.product-type.application";
		};
		C80CCCC02B77899100CB7C58 /* WeatherConsumerAppTests */ = {
			isa = PBXNativeTarget;
			buildConfigurationList = C80CCCD82B77899100CB7C58 /* Build configuration list for PBXNativeTarget "WeatherConsumerAppTests" */;
			buildPhases = (
				C80CCCBD2B77899100CB7C58 /* Sources */,
				C80CCCBE2B77899100CB7C58 /* Frameworks */,
				C80CCCBF2B77899100CB7C58 /* Resources */,
			);
			buildRules = (
			);
			dependencies = (
				C80CCCC32B77899100CB7C58 /* PBXTargetDependency */,
			);
			name = WeatherConsumerAppTests;
			productName = WeatherConsumerAppTests;
			productReference = C80CCCC12B77899100CB7C58 /* WeatherConsumerAppTests.xctest */;
			productType = "com.apple.product-type.bundle.unit-test";
		};
		C80CCCCA2B77899100CB7C58 /* WeatherConsumerAppUITests */ = {
			isa = PBXNativeTarget;
			buildConfigurationList = C80CCCDB2B77899100CB7C58 /* Build configuration list for PBXNativeTarget "WeatherConsumerAppUITests" */;
			buildPhases = (
				C80CCCC72B77899100CB7C58 /* Sources */,
				C80CCCC82B77899100CB7C58 /* Frameworks */,
				C80CCCC92B77899100CB7C58 /* Resources */,
			);
			buildRules = (
			);
			dependencies = (
				C80CCCCD2B77899100CB7C58 /* PBXTargetDependency */,
			);
			name = WeatherConsumerAppUITests;
			productName = WeatherConsumerAppUITests;
			productReference = C80CCCCB2B77899100CB7C58 /* WeatherConsumerAppUITests.xctest */;
			productType = "com.apple.product-type.bundle.ui-testing";
		};
/* End PBXNativeTarget section */

/* Begin PBXProject section */
		C80CCCA92B77898F00CB7C58 /* Project object */ = {
			isa = PBXProject;
			attributes = {
				BuildIndependentTargetsInParallel = 1;
				LastSwiftUpdateCheck = 1520;
				LastUpgradeCheck = 1520;
				TargetAttributes = {
					C80CCCB02B77898F00CB7C58 = {
						CreatedOnToolsVersion = 15.2;
					};
					C80CCCC02B77899100CB7C58 = {
						CreatedOnToolsVersion = 15.2;
						TestTargetID = C80CCCB02B77898F00CB7C58;
					};
					C80CCCCA2B77899100CB7C58 = {
						CreatedOnToolsVersion = 15.2;
						TestTargetID = C80CCCB02B77898F00CB7C58;
					};
				};
			};
			buildConfigurationList = C80CCCAC2B77898F00CB7C58 /* Build configuration list for PBXProject "WeatherConsumerApp" */;
			compatibilityVersion = "Xcode 14.0";
			developmentRegion = en;
			hasScannedForEncodings = 0;
			knownRegions = (
				en,
				Base,
			);
			mainGroup = C80CCCA82B77898F00CB7C58;
			packageReferences = (
				C801D29A2B7A4BE8003F9845 /* XCLocalSwiftPackageReference ".." */,
			);
			productRefGroup = C80CCCB22B77898F00CB7C58 /* Products */;
			projectDirPath = "";
			projectRoot = "";
			targets = (
				C80CCCB02B77898F00CB7C58 /* WeatherConsumerApp */,
				C80CCCC02B77899100CB7C58 /* WeatherConsumerAppTests */,
				C80CCCCA2B77899100CB7C58 /* WeatherConsumerAppUITests */,
			);
		};
/* End PBXProject section */

/* Begin PBXResourcesBuildPhase section */
		C80CCCAF2B77898F00CB7C58 /* Resources */ = {
			isa = PBXResourcesBuildPhase;
			buildActionMask = 2147483647;
			files = (
				C80CCCBC2B77899100CB7C58 /* Preview Assets.xcassets in Resources */,
				C80CCCB92B77899100CB7C58 /* Assets.xcassets in Resources */,
			);
			runOnlyForDeploymentPostprocessing = 0;
		};
		C80CCCBF2B77899100CB7C58 /* Resources */ = {
			isa = PBXResourcesBuildPhase;
			buildActionMask = 2147483647;
			files = (
			);
			runOnlyForDeploymentPostprocessing = 0;
		};
		C80CCCC92B77899100CB7C58 /* Resources */ = {
			isa = PBXResourcesBuildPhase;
			buildActionMask = 2147483647;
			files = (
			);
			runOnlyForDeploymentPostprocessing = 0;
		};
/* End PBXResourcesBuildPhase section */

/* Begin PBXSourcesBuildPhase section */
		C80CCCAD2B77898F00CB7C58 /* Sources */ = {
			isa = PBXSourcesBuildPhase;
			buildActionMask = 2147483647;
			files = (
				C80CCCB72B77898F00CB7C58 /* ContentView.swift in Sources */,
				C80CCCB52B77898F00CB7C58 /* WeatherConsumerAppApp.swift in Sources */,
			);
			runOnlyForDeploymentPostprocessing = 0;
		};
		C80CCCBD2B77899100CB7C58 /* Sources */ = {
			isa = PBXSourcesBuildPhase;
			buildActionMask = 2147483647;
			files = (
				C80CCCC62B77899100CB7C58 /* WeatherConsumerAppTests.swift in Sources */,
			);
			runOnlyForDeploymentPostprocessing = 0;
		};
		C80CCCC72B77899100CB7C58 /* Sources */ = {
			isa = PBXSourcesBuildPhase;
			buildActionMask = 2147483647;
			files = (
				C80CCCD02B77899100CB7C58 /* WeatherConsumerAppUITests.swift in Sources */,
				C80CCCD22B77899100CB7C58 /* WeatherConsumerAppUITestsLaunchTests.swift in Sources */,
			);
			runOnlyForDeploymentPostprocessing = 0;
		};
/* End PBXSourcesBuildPhase section */

/* Begin PBXTargetDependency section */
		C80CCCC32B77899100CB7C58 /* PBXTargetDependency */ = {
			isa = PBXTargetDependency;
			target = C80CCCB02B77898F00CB7C58 /* WeatherConsumerApp */;
			targetProxy = C80CCCC22B77899100CB7C58 /* PBXContainerItemProxy */;
		};
		C80CCCCD2B77899100CB7C58 /* PBXTargetDependency */ = {
			isa = PBXTargetDependency;
			target = C80CCCB02B77898F00CB7C58 /* WeatherConsumerApp */;
			targetProxy = C80CCCCC2B77899100CB7C58 /* PBXContainerItemProxy */;
		};
/* End PBXTargetDependency section */

/* Begin XCBuildConfiguration section */
		C80CCCD32B77899100CB7C58 /* Debug */ = {
			isa = XCBuildConfiguration;
			buildSettings = {
				ALWAYS_SEARCH_USER_PATHS = NO;
				ASSETCATALOG_COMPILER_GENERATE_SWIFT_ASSET_SYMBOL_EXTENSIONS = YES;
				CLANG_ANALYZER_NONNULL = YES;
				CLANG_ANALYZER_NUMBER_OBJECT_CONVERSION = YES_AGGRESSIVE;
				CLANG_CXX_LANGUAGE_STANDARD = "gnu++20";
				CLANG_ENABLE_MODULES = YES;
				CLANG_ENABLE_OBJC_ARC = YES;
				CLANG_ENABLE_OBJC_WEAK = YES;
				CLANG_WARN_BLOCK_CAPTURE_AUTORELEASING = YES;
				CLANG_WARN_BOOL_CONVERSION = YES;
				CLANG_WARN_COMMA = YES;
				CLANG_WARN_CONSTANT_CONVERSION = YES;
				CLANG_WARN_DEPRECATED_OBJC_IMPLEMENTATIONS = YES;
				CLANG_WARN_DIRECT_OBJC_ISA_USAGE = YES_ERROR;
				CLANG_WARN_DOCUMENTATION_COMMENTS = YES;
				CLANG_WARN_EMPTY_BODY = YES;
				CLANG_WARN_ENUM_CONVERSION = YES;
				CLANG_WARN_INFINITE_RECURSION = YES;
				CLANG_WARN_INT_CONVERSION = YES;
				CLANG_WARN_NON_LITERAL_NULL_CONVERSION = YES;
				CLANG_WARN_OBJC_IMPLICIT_RETAIN_SELF = YES;
				CLANG_WARN_OBJC_LITERAL_CONVERSION = YES;
				CLANG_WARN_OBJC_ROOT_CLASS = YES_ERROR;
				CLANG_WARN_QUOTED_INCLUDE_IN_FRAMEWORK_HEADER = YES;
				CLANG_WARN_RANGE_LOOP_ANALYSIS = YES;
				CLANG_WARN_STRICT_PROTOTYPES = YES;
				CLANG_WARN_SUSPICIOUS_MOVE = YES;
				CLANG_WARN_UNGUARDED_AVAILABILITY = YES_AGGRESSIVE;
				CLANG_WARN_UNREACHABLE_CODE = YES;
				CLANG_WARN__DUPLICATE_METHOD_MATCH = YES;
				COPY_PHASE_STRIP = NO;
				DEBUG_INFORMATION_FORMAT = dwarf;
				ENABLE_STRICT_OBJC_MSGSEND = YES;
				ENABLE_TESTABILITY = YES;
				ENABLE_USER_SCRIPT_SANDBOXING = YES;
				GCC_C_LANGUAGE_STANDARD = gnu17;
				GCC_DYNAMIC_NO_PIC = NO;
				GCC_NO_COMMON_BLOCKS = YES;
				GCC_OPTIMIZATION_LEVEL = 0;
				GCC_PREPROCESSOR_DEFINITIONS = (
					"DEBUG=1",
					"$(inherited)",
				);
				GCC_WARN_64_TO_32_BIT_CONVERSION = YES;
				GCC_WARN_ABOUT_RETURN_TYPE = YES_ERROR;
				GCC_WARN_UNDECLARED_SELECTOR = YES;
				GCC_WARN_UNINITIALIZED_AUTOS = YES_AGGRESSIVE;
				GCC_WARN_UNUSED_FUNCTION = YES;
				GCC_WARN_UNUSED_VARIABLE = YES;
				IPHONEOS_DEPLOYMENT_TARGET = 17.2;
				LOCALIZATION_PREFERS_STRING_CATALOGS = YES;
				MTL_ENABLE_DEBUG_INFO = INCLUDE_SOURCE;
				MTL_FAST_MATH = YES;
				ONLY_ACTIVE_ARCH = YES;
				SDKROOT = iphoneos;
				SWIFT_ACTIVE_COMPILATION_CONDITIONS = "DEBUG $(inherited)";
				SWIFT_OPTIMIZATION_LEVEL = "-Onone";
			};
			name = Debug;
		};
		C80CCCD42B77899100CB7C58 /* Release */ = {
			isa = XCBuildConfiguration;
			buildSettings = {
				ALWAYS_SEARCH_USER_PATHS = NO;
				ASSETCATALOG_COMPILER_GENERATE_SWIFT_ASSET_SYMBOL_EXTENSIONS = YES;
				CLANG_ANALYZER_NONNULL = YES;
				CLANG_ANALYZER_NUMBER_OBJECT_CONVERSION = YES_AGGRESSIVE;
				CLANG_CXX_LANGUAGE_STANDARD = "gnu++20";
				CLANG_ENABLE_MODULES = YES;
				CLANG_ENABLE_OBJC_ARC = YES;
				CLANG_ENABLE_OBJC_WEAK = YES;
				CLANG_WARN_BLOCK_CAPTURE_AUTORELEASING = YES;
				CLANG_WARN_BOOL_CONVERSION = YES;
				CLANG_WARN_COMMA = YES;
				CLANG_WARN_CONSTANT_CONVERSION = YES;
				CLANG_WARN_DEPRECATED_OBJC_IMPLEMENTATIONS = YES;
				CLANG_WARN_DIRECT_OBJC_ISA_USAGE = YES_ERROR;
				CLANG_WARN_DOCUMENTATION_COMMENTS = YES;
				CLANG_WARN_EMPTY_BODY = YES;
				CLANG_WARN_ENUM_CONVERSION = YES;
				CLANG_WARN_INFINITE_RECURSION = YES;
				CLANG_WARN_INT_CONVERSION = YES;
				CLANG_WARN_NON_LITERAL_NULL_CONVERSION = YES;
				CLANG_WARN_OBJC_IMPLICIT_RETAIN_SELF = YES;
				CLANG_WARN_OBJC_LITERAL_CONVERSION = YES;
				CLANG_WARN_OBJC_ROOT_CLASS = YES_ERROR;
				CLANG_WARN_QUOTED_INCLUDE_IN_FRAMEWORK_HEADER = YES;
				CLANG_WARN_RANGE_LOOP_ANALYSIS = YES;
				CLANG_WARN_STRICT_PROTOTYPES = YES;
				CLANG_WARN_SUSPICIOUS_MOVE = YES;
				CLANG_WARN_UNGUARDED_AVAILABILITY = YES_AGGRESSIVE;
				CLANG_WARN_UNREACHABLE_CODE = YES;
				CLANG_WARN__DUPLICATE_METHOD_MATCH = YES;
				COPY_PHASE_STRIP = NO;
				DEBUG_INFORMATION_FORMAT = "dwarf-with-dsym";
				ENABLE_NS_ASSERTIONS = NO;
				ENABLE_STRICT_OBJC_MSGSEND = YES;
				ENABLE_USER_SCRIPT_SANDBOXING = YES;
				GCC_C_LANGUAGE_STANDARD = gnu17;
				GCC_NO_COMMON_BLOCKS = YES;
				GCC_WARN_64_TO_32_BIT_CONVERSION = YES;
				GCC_WARN_ABOUT_RETURN_TYPE = YES_ERROR;
				GCC_WARN_UNDECLARED_SELECTOR = YES;
				GCC_WARN_UNINITIALIZED_AUTOS = YES_AGGRESSIVE;
				GCC_WARN_UNUSED_FUNCTION = YES;
				GCC_WARN_UNUSED_VARIABLE = YES;
				IPHONEOS_DEPLOYMENT_TARGET = 17.2;
				LOCALIZATION_PREFERS_STRING_CATALOGS = YES;
				MTL_ENABLE_DEBUG_INFO = NO;
				MTL_FAST_MATH = YES;
				SDKROOT = iphoneos;
				SWIFT_COMPILATION_MODE = wholemodule;
				VALIDATE_PRODUCT = YES;
			};
			name = Release;
		};
		C80CCCD62B77899100CB7C58 /* Debug */ = {
			isa = XCBuildConfiguration;
			buildSettings = {
				ASSETCATALOG_COMPILER_APPICON_NAME = AppIcon;
				ASSETCATALOG_COMPILER_GLOBAL_ACCENT_COLOR_NAME = AccentColor;
				CODE_SIGN_STYLE = Automatic;
				CURRENT_PROJECT_VERSION = 1;
				DEVELOPMENT_ASSET_PATHS = "\"WeatherConsumerApp/Preview Content\"";
				DEVELOPMENT_TEAM = 9VL795556B;
				ENABLE_PREVIEWS = YES;
				GENERATE_INFOPLIST_FILE = YES;
				INFOPLIST_KEY_UIApplicationSceneManifest_Generation = YES;
				INFOPLIST_KEY_UIApplicationSupportsIndirectInputEvents = YES;
				INFOPLIST_KEY_UILaunchScreen_Generation = YES;
				INFOPLIST_KEY_UISupportedInterfaceOrientations_iPad = "UIInterfaceOrientationPortrait UIInterfaceOrientationPortraitUpsideDown UIInterfaceOrientationLandscapeLeft UIInterfaceOrientationLandscapeRight";
				INFOPLIST_KEY_UISupportedInterfaceOrientations_iPhone = "UIInterfaceOrientationPortrait UIInterfaceOrientationLandscapeLeft UIInterfaceOrientationLandscapeRight";
				LD_RUNPATH_SEARCH_PATHS = (
					"$(inherited)",
					"@executable_path/Frameworks",
				);
				MARKETING_VERSION = 1.0;
				PRODUCT_BUNDLE_IDENTIFIER = com.ashi.vmware.WeatherConsumerApp;
				PRODUCT_NAME = "$(TARGET_NAME)";
				SWIFT_EMIT_LOC_STRINGS = YES;
				SWIFT_VERSION = 5.0;
				TARGETED_DEVICE_FAMILY = "1,2";
			};
			name = Debug;
		};
		C80CCCD72B77899100CB7C58 /* Release */ = {
			isa = XCBuildConfiguration;
			buildSettings = {
				ASSETCATALOG_COMPILER_APPICON_NAME = AppIcon;
				ASSETCATALOG_COMPILER_GLOBAL_ACCENT_COLOR_NAME = AccentColor;
				CODE_SIGN_STYLE = Automatic;
				CURRENT_PROJECT_VERSION = 1;
				DEVELOPMENT_ASSET_PATHS = "\"WeatherConsumerApp/Preview Content\"";
				DEVELOPMENT_TEAM = 9VL795556B;
				ENABLE_PREVIEWS = YES;
				GENERATE_INFOPLIST_FILE = YES;
				INFOPLIST_KEY_UIApplicationSceneManifest_Generation = YES;
				INFOPLIST_KEY_UIApplicationSupportsIndirectInputEvents = YES;
				INFOPLIST_KEY_UILaunchScreen_Generation = YES;
				INFOPLIST_KEY_UISupportedInterfaceOrientations_iPad = "UIInterfaceOrientationPortrait UIInterfaceOrientationPortraitUpsideDown UIInterfaceOrientationLandscapeLeft UIInterfaceOrientationLandscapeRight";
				INFOPLIST_KEY_UISupportedInterfaceOrientations_iPhone = "UIInterfaceOrientationPortrait UIInterfaceOrientationLandscapeLeft UIInterfaceOrientationLandscapeRight";
				LD_RUNPATH_SEARCH_PATHS = (
					"$(inherited)",
					"@executable_path/Frameworks",
				);
				MARKETING_VERSION = 1.0;
				PRODUCT_BUNDLE_IDENTIFIER = com.ashi.vmware.WeatherConsumerApp;
				PRODUCT_NAME = "$(TARGET_NAME)";
				SWIFT_EMIT_LOC_STRINGS = YES;
				SWIFT_VERSION = 5.0;
				TARGETED_DEVICE_FAMILY = "1,2";
			};
			name = Release;
		};
		C80CCCD92B77899100CB7C58 /* Debug */ = {
			isa = XCBuildConfiguration;
			buildSettings = {
				ALWAYS_EMBED_SWIFT_STANDARD_LIBRARIES = YES;
				BUNDLE_LOADER = "$(TEST_HOST)";
				CODE_SIGN_STYLE = Automatic;
				CURRENT_PROJECT_VERSION = 1;
				DEVELOPMENT_TEAM = 9VL795556B;
				GENERATE_INFOPLIST_FILE = YES;
				IPHONEOS_DEPLOYMENT_TARGET = 17.2;
				MARKETING_VERSION = 1.0;
				PRODUCT_BUNDLE_IDENTIFIER = com.ashi.vmware.WeatherConsumerAppTests;
				PRODUCT_NAME = "$(TARGET_NAME)";
				SWIFT_EMIT_LOC_STRINGS = NO;
				SWIFT_VERSION = 5.0;
				TARGETED_DEVICE_FAMILY = "1,2";
				TEST_HOST = "$(BUILT_PRODUCTS_DIR)/WeatherConsumerApp.app/$(BUNDLE_EXECUTABLE_FOLDER_PATH)/WeatherConsumerApp";
			};
			name = Debug;
		};
		C80CCCDA2B77899100CB7C58 /* Release */ = {
			isa = XCBuildConfiguration;
			buildSettings = {
				ALWAYS_EMBED_SWIFT_STANDARD_LIBRARIES = YES;
				BUNDLE_LOADER = "$(TEST_HOST)";
				CODE_SIGN_STYLE = Automatic;
				CURRENT_PROJECT_VERSION = 1;
				DEVELOPMENT_TEAM = 9VL795556B;
				GENERATE_INFOPLIST_FILE = YES;
				IPHONEOS_DEPLOYMENT_TARGET = 17.2;
				MARKETING_VERSION = 1.0;
				PRODUCT_BUNDLE_IDENTIFIER = com.ashi.vmware.WeatherConsumerAppTests;
				PRODUCT_NAME = "$(TARGET_NAME)";
				SWIFT_EMIT_LOC_STRINGS = NO;
				SWIFT_VERSION = 5.0;
				TARGETED_DEVICE_FAMILY = "1,2";
				TEST_HOST = "$(BUILT_PRODUCTS_DIR)/WeatherConsumerApp.app/$(BUNDLE_EXECUTABLE_FOLDER_PATH)/WeatherConsumerApp";
			};
			name = Release;
		};
		C80CCCDC2B77899100CB7C58 /* Debug */ = {
			isa = XCBuildConfiguration;
			buildSettings = {
				ALWAYS_EMBED_SWIFT_STANDARD_LIBRARIES = YES;
				CODE_SIGN_STYLE = Automatic;
				CURRENT_PROJECT_VERSION = 1;
				DEVELOPMENT_TEAM = 9VL795556B;
				GENERATE_INFOPLIST_FILE = YES;
				MARKETING_VERSION = 1.0;
				PRODUCT_BUNDLE_IDENTIFIER = com.ashi.vmware.WeatherConsumerAppUITests;
				PRODUCT_NAME = "$(TARGET_NAME)";
				SWIFT_EMIT_LOC_STRINGS = NO;
				SWIFT_VERSION = 5.0;
				TARGETED_DEVICE_FAMILY = "1,2";
				TEST_TARGET_NAME = WeatherConsumerApp;
			};
			name = Debug;
		};
		C80CCCDD2B77899100CB7C58 /* Release */ = {
			isa = XCBuildConfiguration;
			buildSettings = {
				ALWAYS_EMBED_SWIFT_STANDARD_LIBRARIES = YES;
				CODE_SIGN_STYLE = Automatic;
				CURRENT_PROJECT_VERSION = 1;
				DEVELOPMENT_TEAM = 9VL795556B;
				GENERATE_INFOPLIST_FILE = YES;
				MARKETING_VERSION = 1.0;
				PRODUCT_BUNDLE_IDENTIFIER = com.ashi.vmware.WeatherConsumerAppUITests;
				PRODUCT_NAME = "$(TARGET_NAME)";
				SWIFT_EMIT_LOC_STRINGS = NO;
				SWIFT_VERSION = 5.0;
				TARGETED_DEVICE_FAMILY = "1,2";
				TEST_TARGET_NAME = WeatherConsumerApp;
			};
			name = Release;
		};
/* End XCBuildConfiguration section */

/* Begin XCConfigurationList section */
		C80CCCAC2B77898F00CB7C58 /* Build configuration list for PBXProject "WeatherConsumerApp" */ = {
			isa = XCConfigurationList;
			buildConfigurations = (
				C80CCCD32B77899100CB7C58 /* Debug */,
				C80CCCD42B77899100CB7C58 /* Release */,
			);
			defaultConfigurationIsVisible = 0;
			defaultConfigurationName = Release;
		};
		C80CCCD52B77899100CB7C58 /* Build configuration list for PBXNativeTarget "WeatherConsumerApp" */ = {
			isa = XCConfigurationList;
			buildConfigurations = (
				C80CCCD62B77899100CB7C58 /* Debug */,
				C80CCCD72B77899100CB7C58 /* Release */,
			);
			defaultConfigurationIsVisible = 0;
			defaultConfigurationName = Release;
		};
		C80CCCD82B77899100CB7C58 /* Build configuration list for PBXNativeTarget "WeatherConsumerAppTests" */ = {
			isa = XCConfigurationList;
			buildConfigurations = (
				C80CCCD92B77899100CB7C58 /* Debug */,
				C80CCCDA2B77899100CB7C58 /* Release */,
			);
			defaultConfigurationIsVisible = 0;
			defaultConfigurationName = Release;
		};
		C80CCCDB2B77899100CB7C58 /* Build configuration list for PBXNativeTarget "WeatherConsumerAppUITests" */ = {
			isa = XCConfigurationList;
			buildConfigurations = (
				C80CCCDC2B77899100CB7C58 /* Debug */,
				C80CCCDD2B77899100CB7C58 /* Release */,
			);
			defaultConfigurationIsVisible = 0;
			defaultConfigurationName = Release;
		};
/* End XCConfigurationList section */

/* Begin XCLocalSwiftPackageReference section */
		C801D29A2B7A4BE8003F9845 /* XCLocalSwiftPackageReference ".." */ = {
			isa = XCLocalSwiftPackageReference;
			relativePath = ..;
		};
/* End XCLocalSwiftPackageReference section */

/* Begin XCSwiftPackageProductDependency section */
		C801D2952B7A474B003F9845 /* WeatherAPI */ = {
			isa = XCSwiftPackageProductDependency;
			productName = WeatherAPI;
		};
		C801D29B2B7A4BE8003F9845 /* WeatherAPI */ = {
			isa = XCSwiftPackageProductDependency;
			productName = WeatherAPI;
		};
		C80CCCDF2B7789DC00CB7C58 /* WeatherAPI */ = {
			isa = XCSwiftPackageProductDependency;
			productName = WeatherAPI;
		};
/* End XCSwiftPackageProductDependency section */
	};
	rootObject = C80CCCA92B77898F00CB7C58 /* Project object */;
}
